
Microsoft Visual Studio Solution File, Format Version 12.00
# Visual Studio 2012
Project("{8BC9CEB8-8B4A-11D0-8D11-00A0C91BC942}") = "Assignment2", "Assignment2\Assignment2.vcxproj", "{EA0F7C9A-F427-4347-947E-18AA4E4619B9}"
EndProject
Global
	GlobalSection(SolutionConfigurationPlatforms) = preSolution
		Debug|Win32 = Debug|Win32
		Release|Win32 = Release|Win32
	EndGlobalSection
	GlobalSection(ProjectConfigurationPlatforms) = postSolution
		{EA0F7C9A-F427-4347-947E-18AA4E4619B9}.Debug|Win32.ActiveCfg = Debug|Win32
		{EA0F7C9A-F427-4347-947E-18AA4E4619B9}.Debug|Win32.Build.0 = Debug|Win32
		{EA0F7C9A-F427-4347-947E-18AA4E4619B9}.Release|Win32.ActiveCfg = Release|Win32
		{EA0F7C9A-F427-4347-947E-18AA4E4619B9}.Release|Win32.Build.0 = Release|Win32
	EndGlobalSection
	GlobalSection(SolutionProperties) = preSolution
		HideSolutionNode = FALSE
	EndGlobalSection
EndGlobal
