
Microsoft Visual Studio Solution File, Format Version 12.00
# Visual Studio 2012
Project("{8BC9CEB8-8B4A-11D0-8D11-00A0C91BC942}") = "DiceExperiment", "DiceExperiment\DiceExperiment.vcxproj", "{50DB77B0-47FB-4C4A-910D-0D2EB5AE6F5F}"
EndProject
Global
	GlobalSection(SolutionConfigurationPlatforms) = preSolution
		Debug|Win32 = Debug|Win32
		Release|Win32 = Release|Win32
	EndGlobalSection
	GlobalSection(ProjectConfigurationPlatforms) = postSolution
		{50DB77B0-47FB-4C4A-910D-0D2EB5AE6F5F}.Debug|Win32.ActiveCfg = Debug|Win32
		{50DB77B0-47FB-4C4A-910D-0D2EB5AE6F5F}.Debug|Win32.Build.0 = Debug|Win32
		{50DB77B0-47FB-4C4A-910D-0D2EB5AE6F5F}.Release|Win32.ActiveCfg = Release|Win32
		{50DB77B0-47FB-4C4A-910D-0D2EB5AE6F5F}.Release|Win32.Build.0 = Release|Win32
	EndGlobalSection
	GlobalSection(SolutionProperties) = preSolution
		HideSolutionNode = FALSE
	EndGlobalSection
EndGlobal
