
Microsoft Visual Studio Solution File, Format Version 12.00
# Visual Studio 2012
Project("{8BC9CEB8-8B4A-11D0-8D11-00A0C91BC942}") = "LibraryFall2013", "LibraryFall2013\LibraryFall2013.vcxproj", "{33DB2EB4-5963-4EB6-8BF2-4E582A8B2BB8}"
EndProject
Global
	GlobalSection(SolutionConfigurationPlatforms) = preSolution
		Debug|Win32 = Debug|Win32
		Release|Win32 = Release|Win32
	EndGlobalSection
	GlobalSection(ProjectConfigurationPlatforms) = postSolution
		{33DB2EB4-5963-4EB6-8BF2-4E582A8B2BB8}.Debug|Win32.ActiveCfg = Debug|Win32
		{33DB2EB4-5963-4EB6-8BF2-4E582A8B2BB8}.Debug|Win32.Build.0 = Debug|Win32
		{33DB2EB4-5963-4EB6-8BF2-4E582A8B2BB8}.Release|Win32.ActiveCfg = Release|Win32
		{33DB2EB4-5963-4EB6-8BF2-4E582A8B2BB8}.Release|Win32.Build.0 = Release|Win32
	EndGlobalSection
	GlobalSection(SolutionProperties) = preSolution
		HideSolutionNode = FALSE
	EndGlobalSection
EndGlobal
