// !$*UTF8*$!
{
	archiveVersion = 1;
	classes = {
	};
	objectVersion = 46;
	objects = {

/* Begin PBXBuildFile section */
		007464BF1C1B7EA30013D6ED /* AppDelegate.swift in Sources */ = {isa = PBXBuildFile; fileRef = 007464BE1C1B7EA30013D6ED /* AppDelegate.swift */; };
		007464C11C1B7EA30013D6ED /* ViewController.swift in Sources */ = {isa = PBXBuildFile; fileRef = 007464C01C1B7EA30013D6ED /* ViewController.swift */; };
		007464C41C1B7EA30013D6ED /* Main.storyboard in Resources */ = {isa = PBXBuildFile; fileRef = 007464C21C1B7EA30013D6ED /* Main.storyboard */; };
		007464C61C1B7EA30013D6ED /* Assets.xcassets in Resources */ = {isa = PBXBuildFile; fileRef = 007464C51C1B7EA30013D6ED /* Assets.xcassets */; };
		007464C91C1B7EA30013D6ED /* LaunchScreen.storyboard in Resources */ = {isa = PBXBuildFile; fileRef = 007464C71C1B7EA30013D6ED /* LaunchScreen.storyboard */; };
		007464D41C1B7EA30013D6ED /* TicTacToeTests.swift in Sources */ = {isa = PBXBuildFile; fileRef = 007464D31C1B7EA30013D6ED /* TicTacToeTests.swift */; };
		007464DF1C1B7EA30013D6ED /* TicTacToeUITests.swift in Sources */ = {isa = PBXBuildFile; fileRef = 007464DE1C1B7EA30013D6ED /* TicTacToeUITests.swift */; };
		007464F01C1B7F0D0013D6ED /* board.png in Resources */ = {isa = PBXBuildFile; fileRef = 007464ED1C1B7F0D0013D6ED /* board.png */; };
		007464F11C1B7F0D0013D6ED /* cross.png in Resources */ = {isa = PBXBuildFile; fileRef = 007464EE1C1B7F0D0013D6ED /* cross.png */; };
		007464F21C1B7F0D0013D6ED /* nought.png in Resources */ = {isa = PBXBuildFile; fileRef = 007464EF1C1B7F0D0013D6ED /* nought.png */; };
/* End PBXBuildFile section */

/* Begin PBXContainerItemProxy section */
		007464D01C1B7EA30013D6ED /* PBXContainerItemProxy */ = {
			isa = PBXContainerItemProxy;
			containerPortal = 007464B31C1B7EA30013D6ED /* Project object */;
			proxyType = 1;
			remoteGlobalIDString = 007464BA1C1B7EA30013D6ED;
			remoteInfo = TicTacToe;
		};
		007464DB1C1B7EA30013D6ED /* PBXContainerItemProxy */ = {
			isa = PBXContainerItemProxy;
			containerPortal = 007464B31C1B7EA30013D6ED /* Project object */;
			proxyType = 1;
			remoteGlobalIDString = 007464BA1C1B7EA30013D6ED;
			remoteInfo = TicTacToe;
		};
/* End PBXContainerItemProxy section */

/* Begin PBXFileReference section */
		007464BB1C1B7EA30013D6ED /* TicTacToe.app */ = {isa = PBXFileReference; explicitFileType = wrapper.application; includeInIndex = 0; path = TicTacToe.app; sourceTree = BUILT_PRODUCTS_DIR; };
		007464BE1C1B7EA30013D6ED /* AppDelegate.swift */ = {isa = PBXFileReference; lastKnownFileType = sourcecode.swift; path = AppDelegate.swift; sourceTree = "<group>"; };
		007464C01C1B7EA30013D6ED /* ViewController.swift */ = {isa = PBXFileReference; lastKnownFileType = sourcecode.swift; path = ViewController.swift; sourceTree = "<group>"; };
		007464C31C1B7EA30013D6ED /* Base */ = {isa = PBXFileReference; lastKnownFileType = file.storyboard; name = Base; path = Base.lproj/Main.storyboard; sourceTree = "<group>"; };
		007464C51C1B7EA30013D6ED /* Assets.xcassets */ = {isa = PBXFileReference; lastKnownFileType = folder.assetcatalog; path = Assets.xcassets; sourceTree = "<group>"; };
		007464C81C1B7EA30013D6ED /* Base */ = {isa = PBXFileReference; lastKnownFileType = file.storyboard; name = Base; path = Base.lproj/LaunchScreen.storyboard; sourceTree = "<group>"; };
		007464CA1C1B7EA30013D6ED /* Info.plist */ = {isa = PBXFileReference; lastKnownFileType = text.plist.xml; path = Info.plist; sourceTree = "<group>"; };
		007464CF1C1B7EA30013D6ED /* TicTacToeTests.xctest */ = {isa = PBXFileReference; explicitFileType = wrapper.cfbundle; includeInIndex = 0; path = TicTacToeTests.xctest; sourceTree = BUILT_PRODUCTS_DIR; };
		007464D31C1B7EA30013D6ED /* TicTacToeTests.swift */ = {isa = PBXFileReference; lastKnownFileType = sourcecode.swift; path = TicTacToeTests.swift; sourceTree = "<group>"; };
		007464D51C1B7EA30013D6ED /* Info.plist */ = {isa = PBXFileReference; lastKnownFileType = text.plist.xml; path = Info.plist; sourceTree = "<group>"; };
		007464DA1C1B7EA30013D6ED /* TicTacToeUITests.xctest */ = {isa = PBXFileReference; explicitFileType = wrapper.cfbundle; includeInIndex = 0; path = TicTacToeUITests.xctest; sourceTree = BUILT_PRODUCTS_DIR; };
		007464DE1C1B7EA30013D6ED /* TicTacToeUITests.swift */ = {isa = PBXFileReference; lastKnownFileType = sourcecode.swift; path = TicTacToeUITests.swift; sourceTree = "<group>"; };
		007464E01C1B7EA30013D6ED /* Info.plist */ = {isa = PBXFileReference; lastKnownFileType = text.plist.xml; path = Info.plist; sourceTree = "<group>"; };
		007464ED1C1B7F0D0013D6ED /* board.png */ = {isa = PBXFileReference; lastKnownFileType = image.png; path = board.png; sourceTree = "<group>"; };
		007464EE1C1B7F0D0013D6ED /* cross.png */ = {isa = PBXFileReference; lastKnownFileType = image.png; path = cross.png; sourceTree = "<group>"; };
		007464EF1C1B7F0D0013D6ED /* nought.png */ = {isa = PBXFileReference; lastKnownFileType = image.png; path = nought.png; sourceTree = "<group>"; };
/* End PBXFileReference section */

/* Begin PBXFrameworksBuildPhase section */
		007464B81C1B7EA30013D6ED /* Frameworks */ = {
			isa = PBXFrameworksBuildPhase;
			buildActionMask = 2147483647;
			files = (
			);
			runOnlyForDeploymentPostprocessing = 0;
		};
		007464CC1C1B7EA30013D6ED /* Frameworks */ = {
			isa = PBXFrameworksBuildPhase;
			buildActionMask = 2147483647;
			files = (
			);
			runOnlyForDeploymentPostprocessing = 0;
		};
		007464D71C1B7EA30013D6ED /* Frameworks */ = {
			isa = PBXFrameworksBuildPhase;
			buildActionMask = 2147483647;
			files = (
			);
			runOnlyForDeploymentPostprocessing = 0;
		};
/* End PBXFrameworksBuildPhase section */

/* Begin PBXGroup section */
		007464B21C1B7EA30013D6ED = {
			isa = PBXGroup;
			children = (
				007464BD1C1B7EA30013D6ED /* TicTacToe */,
				007464D21C1B7EA30013D6ED /* TicTacToeTests */,
				007464DD1C1B7EA30013D6ED /* TicTacToeUITests */,
				007464BC1C1B7EA30013D6ED /* Products */,
			);
			sourceTree = "<group>";
		};
		007464BC1C1B7EA30013D6ED /* Products */ = {
			isa = PBXGroup;
			children = (
				007464BB1C1B7EA30013D6ED /* TicTacToe.app */,
				007464CF1C1B7EA30013D6ED /* TicTacToeTests.xctest */,
				007464DA1C1B7EA30013D6ED /* TicTacToeUITests.xctest */,
			);
			name = Products;
			sourceTree = "<group>";
		};
		007464BD1C1B7EA30013D6ED /* TicTacToe */ = {
			isa = PBXGroup;
			children = (
				007464EC1C1B7EFD0013D6ED /* Images */,
				007464BE1C1B7EA30013D6ED /* AppDelegate.swift */,
				007464C01C1B7EA30013D6ED /* ViewController.swift */,
				007464C21C1B7EA30013D6ED /* Main.storyboard */,
				007464C51C1B7EA30013D6ED /* Assets.xcassets */,
				007464C71C1B7EA30013D6ED /* LaunchScreen.storyboard */,
				007464CA1C1B7EA30013D6ED /* Info.plist */,
			);
			path = TicTacToe;
			sourceTree = "<group>";
		};
		007464D21C1B7EA30013D6ED /* TicTacToeTests */ = {
			isa = PBXGroup;
			children = (
				007464D31C1B7EA30013D6ED /* TicTacToeTests.swift */,
				007464D51C1B7EA30013D6ED /* Info.plist */,
			);
			path = TicTacToeTests;
			sourceTree = "<group>";
		};
		007464DD1C1B7EA30013D6ED /* TicTacToeUITests */ = {
			isa = PBXGroup;
			children = (
				007464DE1C1B7EA30013D6ED /* TicTacToeUITests.swift */,
				007464E01C1B7EA30013D6ED /* Info.plist */,
			);
			path = TicTacToeUITests;
			sourceTree = "<group>";
		};
		007464EC1C1B7EFD0013D6ED /* Images */ = {
			isa = PBXGroup;
			children = (
				007464ED1C1B7F0D0013D6ED /* board.png */,
				007464EE1C1B7F0D0013D6ED /* cross.png */,
				007464EF1C1B7F0D0013D6ED /* nought.png */,
			);
			name = Images;
			sourceTree = "<group>";
		};
/* End PBXGroup section */

/* Begin PBXNativeTarget section */
		007464BA1C1B7EA30013D6ED /* TicTacToe */ = {
			isa = PBXNativeTarget;
			buildConfigurationList = 007464E31C1B7EA30013D6ED /* Build configuration list for PBXNativeTarget "TicTacToe" */;
			buildPhases = (
				007464B71C1B7EA30013D6ED /* Sources */,
				007464B81C1B7EA30013D6ED /* Frameworks */,
				007464B91C1B7EA30013D6ED /* Resources */,
			);
			buildRules = (
			);
			dependencies = (
			);
			name = TicTacToe;
			productName = TicTacToe;
			productReference = 007464BB1C1B7EA30013D6ED /* TicTacToe.app */;
			productType = "com.apple.product-type.application";
		};
		007464CE1C1B7EA30013D6ED /* TicTacToeTests */ = {
			isa = PBXNativeTarget;
			buildConfigurationList = 007464E61C1B7EA30013D6ED /* Build configuration list for PBXNativeTarget "TicTacToeTests" */;
			buildPhases = (
				007464CB1C1B7EA30013D6ED /* Sources */,
				007464CC1C1B7EA30013D6ED /* Frameworks */,
				007464CD1C1B7EA30013D6ED /* Resources */,
			);
			buildRules = (
			);
			dependencies = (
				007464D11C1B7EA30013D6ED /* PBXTargetDependency */,
			);
			name = TicTacToeTests;
			productName = TicTacToeTests;
			productReference = 007464CF1C1B7EA30013D6ED /* TicTacToeTests.xctest */;
			productType = "com.apple.product-type.bundle.unit-test";
		};
		007464D91C1B7EA30013D6ED /* TicTacToeUITests */ = {
			isa = PBXNativeTarget;
			buildConfigurationList = 007464E91C1B7EA30013D6ED /* Build configuration list for PBXNativeTarget "TicTacToeUITests" */;
			buildPhases = (
				007464D61C1B7EA30013D6ED /* Sources */,
				007464D71C1B7EA30013D6ED /* Frameworks */,
				007464D81C1B7EA30013D6ED /* Resources */,
			);
			buildRules = (
			);
			dependencies = (
				007464DC1C1B7EA30013D6ED /* PBXTargetDependency */,
			);
			name = TicTacToeUITests;
			productName = TicTacToeUITests;
			productReference = 007464DA1C1B7EA30013D6ED /* TicTacToeUITests.xctest */;
			productType = "com.apple.product-type.bundle.ui-testing";
		};
/* End PBXNativeTarget section */

/* Begin PBXProject section */
		007464B31C1B7EA30013D6ED /* Project object */ = {
			isa = PBXProject;
			attributes = {
				LastSwiftUpdateCheck = 0720;
				LastUpgradeCheck = 0720;
				ORGANIZATIONNAME = "Prosper Inc.";
				TargetAttributes = {
					007464BA1C1B7EA30013D6ED = {
						CreatedOnToolsVersion = 7.2;
					};
					007464CE1C1B7EA30013D6ED = {
						CreatedOnToolsVersion = 7.2;
						TestTargetID = 007464BA1C1B7EA30013D6ED;
					};
					007464D91C1B7EA30013D6ED = {
						CreatedOnToolsVersion = 7.2;
						TestTargetID = 007464BA1C1B7EA30013D6ED;
					};
				};
			};
			buildConfigurationList = 007464B61C1B7EA30013D6ED /* Build configuration list for PBXProject "TicTacToe" */;
			compatibilityVersion = "Xcode 3.2";
			developmentRegion = English;
			hasScannedForEncodings = 0;
			knownRegions = (
				en,
				Base,
			);
			mainGroup = 007464B21C1B7EA30013D6ED;
			productRefGroup = 007464BC1C1B7EA30013D6ED /* Products */;
			projectDirPath = "";
			projectRoot = "";
			targets = (
				007464BA1C1B7EA30013D6ED /* TicTacToe */,
				007464CE1C1B7EA30013D6ED /* TicTacToeTests */,
				007464D91C1B7EA30013D6ED /* TicTacToeUITests */,
			);
		};
/* End PBXProject section */

/* Begin PBXResourcesBuildPhase section */
		007464B91C1B7EA30013D6ED /* Resources */ = {
			isa = PBXResourcesBuildPhase;
			buildActionMask = 2147483647;
			files = (
				007464F11C1B7F0D0013D6ED /* cross.png in Resources */,
				007464F01C1B7F0D0013D6ED /* board.png in Resources */,
				007464F21C1B7F0D0013D6ED /* nought.png in Resources */,
				007464C91C1B7EA30013D6ED /* LaunchScreen.storyboard in Resources */,
				007464C61C1B7EA30013D6ED /* Assets.xcassets in Resources */,
				007464C41C1B7EA30013D6ED /* Main.storyboard in Resources */,
			);
			runOnlyForDeploymentPostprocessing = 0;
		};
		007464CD1C1B7EA30013D6ED /* Resources */ = {
			isa = PBXResourcesBuildPhase;
			buildActionMask = 2147483647;
			files = (
			);
			runOnlyForDeploymentPostprocessing = 0;
		};
		007464D81C1B7EA30013D6ED /* Resources */ = {
			isa = PBXResourcesBuildPhase;
			buildActionMask = 2147483647;
			files = (
			);
			runOnlyForDeploymentPostprocessing = 0;
		};
/* End PBXResourcesBuildPhase section */

/* Begin PBXSourcesBuildPhase section */
		007464B71C1B7EA30013D6ED /* Sources */ = {
			isa = PBXSourcesBuildPhase;
			buildActionMask = 2147483647;
			files = (
				007464C11C1B7EA30013D6ED /* ViewController.swift in Sources */,
				007464BF1C1B7EA30013D6ED /* AppDelegate.swift in Sources */,
			);
			runOnlyForDeploymentPostprocessing = 0;
		};
		007464CB1C1B7EA30013D6ED /* Sources */ = {
			isa = PBXSourcesBuildPhase;
			buildActionMask = 2147483647;
			files = (
				007464D41C1B7EA30013D6ED /* TicTacToeTests.swift in Sources */,
			);
			runOnlyForDeploymentPostprocessing = 0;
		};
		007464D61C1B7EA30013D6ED /* Sources */ = {
			isa = PBXSourcesBuildPhase;
			buildActionMask = 2147483647;
			files = (
				007464DF1C1B7EA30013D6ED /* TicTacToeUITests.swift in Sources */,
			);
			runOnlyForDeploymentPostprocessing = 0;
		};
/* End PBXSourcesBuildPhase section */

/* Begin PBXTargetDependency section */
		007464D11C1B7EA30013D6ED /* PBXTargetDependency */ = {
			isa = PBXTargetDependency;
			target = 007464BA1C1B7EA30013D6ED /* TicTacToe */;
			targetProxy = 007464D01C1B7EA30013D6ED /* PBXContainerItemProxy */;
		};
		007464DC1C1B7EA30013D6ED /* PBXTargetDependency */ = {
			isa = PBXTargetDependency;
			target = 007464BA1C1B7EA30013D6ED /* TicTacToe */;
			targetProxy = 007464DB1C1B7EA30013D6ED /* PBXContainerItemProxy */;
		};
/* End PBXTargetDependency section */

/* Begin PBXVariantGroup section */
		007464C21C1B7EA30013D6ED /* Main.storyboard */ = {
			isa = PBXVariantGroup;
			children = (
				007464C31C1B7EA30013D6ED /* Base */,
			);
			name = Main.storyboard;
			sourceTree = "<group>";
		};
		007464C71C1B7EA30013D6ED /* LaunchScreen.storyboard */ = {
			isa = PBXVariantGroup;
			children = (
				007464C81C1B7EA30013D6ED /* Base */,
			);
			name = LaunchScreen.storyboard;
			sourceTree = "<group>";
		};
/* End PBXVariantGroup section */

/* Begin XCBuildConfiguration section */
		007464E11C1B7EA30013D6ED /* Debug */ = {
			isa = XCBuildConfiguration;
			buildSettings = {
				ALWAYS_SEARCH_USER_PATHS = NO;
				CLANG_CXX_LANGUAGE_STANDARD = "gnu++0x";
				CLANG_CXX_LIBRARY = "libc++";
				CLANG_ENABLE_MODULES = YES;
				CLANG_ENABLE_OBJC_ARC = YES;
				CLANG_WARN_BOOL_CONVERSION = YES;
				CLANG_WARN_CONSTANT_CONVERSION = YES;
				CLANG_WARN_DIRECT_OBJC_ISA_USAGE = YES_ERROR;
				CLANG_WARN_EMPTY_BODY = YES;
				CLANG_WARN_ENUM_CONVERSION = YES;
				CLANG_WARN_INT_CONVERSION = YES;
				CLANG_WARN_OBJC_ROOT_CLASS = YES_ERROR;
				CLANG_WARN_UNREACHABLE_CODE = YES;
				CLANG_WARN__DUPLICATE_METHOD_MATCH = YES;
				"CODE_SIGN_IDENTITY[sdk=iphoneos*]" = "iPhone Developer";
				COPY_PHASE_STRIP = NO;
				DEBUG_INFORMATION_FORMAT = dwarf;
				ENABLE_STRICT_OBJC_MSGSEND = YES;
				ENABLE_TESTABILITY = YES;
				GCC_C_LANGUAGE_STANDARD = gnu99;
				GCC_DYNAMIC_NO_PIC = NO;
				GCC_NO_COMMON_BLOCKS = YES;
				GCC_OPTIMIZATION_LEVEL = 0;
				GCC_PREPROCESSOR_DEFINITIONS = (
					"DEBUG=1",
					"$(inherited)",
				);
				GCC_WARN_64_TO_32_BIT_CONVERSION = YES;
				GCC_WARN_ABOUT_RETURN_TYPE = YES_ERROR;
				GCC_WARN_UNDECLARED_SELECTOR = YES;
				GCC_WARN_UNINITIALIZED_AUTOS = YES_AGGRESSIVE;
				GCC_WARN_UNUSED_FUNCTION = YES;
				GCC_WARN_UNUSED_VARIABLE = YES;
				IPHONEOS_DEPLOYMENT_TARGET = 9.2;
				MTL_ENABLE_DEBUG_INFO = YES;
				ONLY_ACTIVE_ARCH = YES;
				SDKROOT = iphoneos;
				SWIFT_OPTIMIZATION_LEVEL = "-Onone";
				TARGETED_DEVICE_FAMILY = "1,2";
			};
			name = Debug;
		};
		007464E21C1B7EA30013D6ED /* Release */ = {
			isa = XCBuildConfiguration;
			buildSettings = {
				ALWAYS_SEARCH_USER_PATHS = NO;
				CLANG_CXX_LANGUAGE_STANDARD = "gnu++0x";
				CLANG_CXX_LIBRARY = "libc++";
				CLANG_ENABLE_MODULES = YES;
				CLANG_ENABLE_OBJC_ARC = YES;
				CLANG_WARN_BOOL_CONVERSION = YES;
				CLANG_WARN_CONSTANT_CONVERSION = YES;
				CLANG_WARN_DIRECT_OBJC_ISA_USAGE = YES_ERROR;
				CLANG_WARN_EMPTY_BODY = YES;
				CLANG_WARN_ENUM_CONVERSION = YES;
				CLANG_WARN_INT_CONVERSION = YES;
				CLANG_WARN_OBJC_ROOT_CLASS = YES_ERROR;
				CLANG_WARN_UNREACHABLE_CODE = YES;
				CLANG_WARN__DUPLICATE_METHOD_MATCH = YES;
				"CODE_SIGN_IDENTITY[sdk=iphoneos*]" = "iPhone Developer";
				COPY_PHASE_STRIP = NO;
				DEBUG_INFORMATION_FORMAT = "dwarf-with-dsym";
				ENABLE_NS_ASSERTIONS = NO;
				ENABLE_STRICT_OBJC_MSGSEND = YES;
				GCC_C_LANGUAGE_STANDARD = gnu99;
				GCC_NO_COMMON_BLOCKS = YES;
				GCC_WARN_64_TO_32_BIT_CONVERSION = YES;
				GCC_WARN_ABOUT_RETURN_TYPE = YES_ERROR;
				GCC_WARN_UNDECLARED_SELECTOR = YES;
				GCC_WARN_UNINITIALIZED_AUTOS = YES_AGGRESSIVE;
				GCC_WARN_UNUSED_FUNCTION = YES;
				GCC_WARN_UNUSED_VARIABLE = YES;
				IPHONEOS_DEPLOYMENT_TARGET = 9.2;
				MTL_ENABLE_DEBUG_INFO = NO;
				SDKROOT = iphoneos;
				TARGETED_DEVICE_FAMILY = "1,2";
				VALIDATE_PRODUCT = YES;
			};
			name = Release;
		};
		007464E41C1B7EA30013D6ED /* Debug */ = {
			isa = XCBuildConfiguration;
			buildSettings = {
				ASSETCATALOG_COMPILER_APPICON_NAME = AppIcon;
				INFOPLIST_FILE = TicTacToe/Info.plist;
				LD_RUNPATH_SEARCH_PATHS = "$(inherited) @executable_path/Frameworks";
				PRODUCT_BUNDLE_IDENTIFIER = com.prosper.TicTacToe;
				PRODUCT_NAME = "$(TARGET_NAME)";
			};
			name = Debug;
		};
		007464E51C1B7EA30013D6ED /* Release */ = {
			isa = XCBuildConfiguration;
			buildSettings = {
				ASSETCATALOG_COMPILER_APPICON_NAME = AppIcon;
				INFOPLIST_FILE = TicTacToe/Info.plist;
				LD_RUNPATH_SEARCH_PATHS = "$(inherited) @executable_path/Frameworks";
				PRODUCT_BUNDLE_IDENTIFIER = com.prosper.TicTacToe;
				PRODUCT_NAME = "$(TARGET_NAME)";
			};
			name = Release;
		};
		007464E71C1B7EA30013D6ED /* Debug */ = {
			isa = XCBuildConfiguration;
			buildSettings = {
				BUNDLE_LOADER = "$(TEST_HOST)";
				INFOPLIST_FILE = TicTacToeTests/Info.plist;
				LD_RUNPATH_SEARCH_PATHS = "$(inherited) @executable_path/Frameworks @loader_path/Frameworks";
				PRODUCT_BUNDLE_IDENTIFIER = com.prosper.TicTacToeTests;
				PRODUCT_NAME = "$(TARGET_NAME)";
				TEST_HOST = "$(BUILT_PRODUCTS_DIR)/TicTacToe.app/TicTacToe";
			};
			name = Debug;
		};
		007464E81C1B7EA30013D6ED /* Release */ = {
			isa = XCBuildConfiguration;
			buildSettings = {
				BUNDLE_LOADER = "$(TEST_HOST)";
				INFOPLIST_FILE = TicTacToeTests/Info.plist;
				LD_RUNPATH_SEARCH_PATHS = "$(inherited) @executable_path/Frameworks @loader_path/Frameworks";
				PRODUCT_BUNDLE_IDENTIFIER = com.prosper.TicTacToeTests;
				PRODUCT_NAME = "$(TARGET_NAME)";
				TEST_HOST = "$(BUILT_PRODUCTS_DIR)/TicTacToe.app/TicTacToe";
			};
			name = Release;
		};
		007464EA1C1B7EA30013D6ED /* Debug */ = {
			isa = XCBuildConfiguration;
			buildSettings = {
				INFOPLIST_FILE = TicTacToeUITests/Info.plist;
				LD_RUNPATH_SEARCH_PATHS = "$(inherited) @executable_path/Frameworks @loader_path/Frameworks";
				PRODUCT_BUNDLE_IDENTIFIER = com.prosper.TicTacToeUITests;
				PRODUCT_NAME = "$(TARGET_NAME)";
				TEST_TARGET_NAME = TicTacToe;
				USES_XCTRUNNER = YES;
			};
			name = Debug;
		};
		007464EB1C1B7EA30013D6ED /* Release */ = {
			isa = XCBuildConfiguration;
			buildSettings = {
				INFOPLIST_FILE = TicTacToeUITests/Info.plist;
				LD_RUNPATH_SEARCH_PATHS = "$(inherited) @executable_path/Frameworks @loader_path/Frameworks";
				PRODUCT_BUNDLE_IDENTIFIER = com.prosper.TicTacToeUITests;
				PRODUCT_NAME = "$(TARGET_NAME)";
				TEST_TARGET_NAME = TicTacToe;
				USES_XCTRUNNER = YES;
			};
			name = Release;
		};
/* End XCBuildConfiguration section */

/* Begin XCConfigurationList section */
		007464B61C1B7EA30013D6ED /* Build configuration list for PBXProject "TicTacToe" */ = {
			isa = XCConfigurationList;
			buildConfigurations = (
				007464E11C1B7EA30013D6ED /* Debug */,
				007464E21C1B7EA30013D6ED /* Release */,
			);
			defaultConfigurationIsVisible = 0;
			defaultConfigurationName = Release;
		};
		007464E31C1B7EA30013D6ED /* Build configuration list for PBXNativeTarget "TicTacToe" */ = {
			isa = XCConfigurationList;
			buildConfigurations = (
				007464E41C1B7EA30013D6ED /* Debug */,
				007464E51C1B7EA30013D6ED /* Release */,
			);
			defaultConfigurationIsVisible = 0;
		};
		007464E61C1B7EA30013D6ED /* Build configuration list for PBXNativeTarget "TicTacToeTests" */ = {
			isa = XCConfigurationList;
			buildConfigurations = (
				007464E71C1B7EA30013D6ED /* Debug */,
				007464E81C1B7EA30013D6ED /* Release */,
			);
			defaultConfigurationIsVisible = 0;
		};
		007464E91C1B7EA30013D6ED /* Build configuration list for PBXNativeTarget "TicTacToeUITests" */ = {
			isa = XCConfigurationList;
			buildConfigurations = (
				007464EA1C1B7EA30013D6ED /* Debug */,
				007464EB1C1B7EA30013D6ED /* Release */,
			);
			defaultConfigurationIsVisible = 0;
		};
/* End XCConfigurationList section */
	};
	rootObject = 007464B31C1B7EA30013D6ED /* Project object */;
}
